// !$*UTF8*$!
{
	archiveVersion = 1;
	classes = {
	};
	objectVersion = 46;
	objects = {

/* Begin PBXBuildFile section */
		DD140B2B19D7DF4000A858F0 /* blank.png in Resources */ = {isa = PBXBuildFile; fileRef = DD140B2A19D7DF4000A858F0 /* blank.png */; };
		DD245DC819CD28230066100F /* main.m in Sources */ = {isa = PBXBuildFile; fileRef = DD245DC719CD28230066100F /* main.m */; };
		DD245DCB19CD28230066100F /* AppDelegate.m in Sources */ = {isa = PBXBuildFile; fileRef = DD245DCA19CD28230066100F /* AppDelegate.m */; };
		DD245DE219CD28230066100F /* NewsAppTests.m in Sources */ = {isa = PBXBuildFile; fileRef = DD245DE119CD28230066100F /* NewsAppTests.m */; };
		DD57AA1719CDD16A00BDC8FA /* News.m in Sources */ = {isa = PBXBuildFile; fileRef = DD57AA1619CDD16A00BDC8FA /* News.m */; };
		DD57AA1C19CDD1A500BDC8FA /* NewsDetailViewController.m in Sources */ = {isa = PBXBuildFile; fileRef = DD57AA1919CDD1A500BDC8FA /* NewsDetailViewController.m */; };
		DD57AA1D19CDD1A500BDC8FA /* NewsViewController.m in Sources */ = {isa = PBXBuildFile; fileRef = DD57AA1B19CDD1A500BDC8FA /* NewsViewController.m */; };
		DD57AA2019CDD1B100BDC8FA /* WebService.m in Sources */ = {isa = PBXBuildFile; fileRef = DD57AA1F19CDD1B100BDC8FA /* WebService.m */; };
/* End PBXBuildFile section */

/* Begin PBXContainerItemProxy section */
		DD245DDC19CD28230066100F /* PBXContainerItemProxy */ = {
			isa = PBXContainerItemProxy;
			containerPortal = DD245DBA19CD28230066100F /* Project object */;
			proxyType = 1;
			remoteGlobalIDString = DD245DC119CD28230066100F;
			remoteInfo = NewsApp;
		};
/* End PBXContainerItemProxy section */

/* Begin PBXFileReference section */
		DD140B2A19D7DF4000A858F0 /* blank.png */ = {isa = PBXFileReference; lastKnownFileType = image.png; path = blank.png; sourceTree = "<group>"; };
		DD245DC219CD28230066100F /* NewsApp.app */ = {isa = PBXFileReference; explicitFileType = wrapper.application; includeInIndex = 0; path = NewsApp.app; sourceTree = BUILT_PRODUCTS_DIR; };
		DD245DC619CD28230066100F /* Info.plist */ = {isa = PBXFileReference; lastKnownFileType = text.plist.xml; path = Info.plist; sourceTree = "<group>"; };
		DD245DC719CD28230066100F /* main.m */ = {isa = PBXFileReference; lastKnownFileType = sourcecode.c.objc; path = main.m; sourceTree = "<group>"; };
		DD245DC919CD28230066100F /* AppDelegate.h */ = {isa = PBXFileReference; lastKnownFileType = sourcecode.c.h; path = AppDelegate.h; sourceTree = "<group>"; };
		DD245DCA19CD28230066100F /* AppDelegate.m */ = {isa = PBXFileReference; lastKnownFileType = sourcecode.c.objc; path = AppDelegate.m; sourceTree = "<group>"; };
		DD245DDB19CD28230066100F /* NewsAppTests.xctest */ = {isa = PBXFileReference; explicitFileType = wrapper.cfbundle; includeInIndex = 0; path = NewsAppTests.xctest; sourceTree = BUILT_PRODUCTS_DIR; };
		DD245DE019CD28230066100F /* Info.plist */ = {isa = PBXFileReference; lastKnownFileType = text.plist.xml; path = Info.plist; sourceTree = "<group>"; };
		DD245DE119CD28230066100F /* NewsAppTests.m */ = {isa = PBXFileReference; lastKnownFileType = sourcecode.c.objc; path = NewsAppTests.m; sourceTree = "<group>"; };
		DD57AA1519CDD16A00BDC8FA /* News.h */ = {isa = PBXFileReference; fileEncoding = 4; lastKnownFileType = sourcecode.c.h; name = News.h; path = Model/News.h; sourceTree = "<group>"; };
		DD57AA1619CDD16A00BDC8FA /* News.m */ = {isa = PBXFileReference; fileEncoding = 4; lastKnownFileType = sourcecode.c.objc; name = News.m; path = Model/News.m; sourceTree = "<group>"; };
		DD57AA1819CDD1A500BDC8FA /* NewsDetailViewController.h */ = {isa = PBXFileReference; fileEncoding = 4; lastKnownFileType = sourcecode.c.h; name = NewsDetailViewController.h; path = Controller/NewsDetailViewController.h; sourceTree = "<group>"; };
		DD57AA1919CDD1A500BDC8FA /* NewsDetailViewController.m */ = {isa = PBXFileReference; fileEncoding = 4; lastKnownFileType = sourcecode.c.objc; name = NewsDetailViewController.m; path = Controller/NewsDetailViewController.m; sourceTree = "<group>"; };
		DD57AA1A19CDD1A500BDC8FA /* NewsViewController.h */ = {isa = PBXFileReference; fileEncoding = 4; lastKnownFileType = sourcecode.c.h; name = NewsViewController.h; path = Controller/NewsViewController.h; sourceTree = "<group>"; };
		DD57AA1B19CDD1A500BDC8FA /* NewsViewController.m */ = {isa = PBXFileReference; fileEncoding = 4; lastKnownFileType = sourcecode.c.objc; name = NewsViewController.m; path = Controller/NewsViewController.m; sourceTree = "<group>"; };
		DD57AA1E19CDD1B100BDC8FA /* WebService.h */ = {isa = PBXFileReference; fileEncoding = 4; lastKnownFileType = sourcecode.c.h; name = WebService.h; path = Webservices/WebService.h; sourceTree = "<group>"; };
		DD57AA1F19CDD1B100BDC8FA /* WebService.m */ = {isa = PBXFileReference; fileEncoding = 4; lastKnownFileType = sourcecode.c.objc; name = WebService.m; path = Webservices/WebService.m; sourceTree = "<group>"; };
/* End PBXFileReference section */

/* Begin PBXFrameworksBuildPhase section */
		DD245DBF19CD28230066100F /* Frameworks */ = {
			isa = PBXFrameworksBuildPhase;
			buildActionMask = 2147483647;
			files = (
			);
			runOnlyForDeploymentPostprocessing = 0;
		};
		DD245DD819CD28230066100F /* Frameworks */ = {
			isa = PBXFrameworksBuildPhase;
			buildActionMask = 2147483647;
			files = (
			);
			runOnlyForDeploymentPostprocessing = 0;
		};
/* End PBXFrameworksBuildPhase section */

/* Begin PBXGroup section */
		DD245DB919CD28230066100F = {
			isa = PBXGroup;
			children = (
				DD245DC419CD28230066100F /* NewsApp */,
				DD245DDE19CD28230066100F /* NewsAppTests */,
				DD245DC319CD28230066100F /* Products */,
			);
			sourceTree = "<group>";
		};
		DD245DC319CD28230066100F /* Products */ = {
			isa = PBXGroup;
			children = (
				DD245DC219CD28230066100F /* NewsApp.app */,
				DD245DDB19CD28230066100F /* NewsAppTests.xctest */,
			);
			name = Products;
			sourceTree = "<group>";
		};
		DD245DC419CD28230066100F /* NewsApp */ = {
			isa = PBXGroup;
			children = (
				DD57AA1419CDD14300BDC8FA /* Model */,
				DD57AA1319CDD12C00BDC8FA /* Webservices */,
				DD57AA1119CDD10200BDC8FA /* Controller */,
				DD245DC919CD28230066100F /* AppDelegate.h */,
				DD245DCA19CD28230066100F /* AppDelegate.m */,
				DD245DC519CD28230066100F /* Supporting Files */,
			);
			path = NewsApp;
			sourceTree = "<group>";
		};
		DD245DC519CD28230066100F /* Supporting Files */ = {
			isa = PBXGroup;
			children = (
				DD245DC619CD28230066100F /* Info.plist */,
				DD245DC719CD28230066100F /* main.m */,
				DD140B2A19D7DF4000A858F0 /* blank.png */,
			);
			name = "Supporting Files";
			sourceTree = "<group>";
		};
		DD245DDE19CD28230066100F /* NewsAppTests */ = {
			isa = PBXGroup;
			children = (
				DD245DE119CD28230066100F /* NewsAppTests.m */,
				DD245DDF19CD28230066100F /* Supporting Files */,
			);
			path = NewsAppTests;
			sourceTree = "<group>";
		};
		DD245DDF19CD28230066100F /* Supporting Files */ = {
			isa = PBXGroup;
			children = (
				DD245DE019CD28230066100F /* Info.plist */,
			);
			name = "Supporting Files";
			sourceTree = "<group>";
		};
		DD57AA1119CDD10200BDC8FA /* Controller */ = {
			isa = PBXGroup;
			children = (
				DD57AA1A19CDD1A500BDC8FA /* NewsViewController.h */,
				DD57AA1B19CDD1A500BDC8FA /* NewsViewController.m */,
				DD57AA1819CDD1A500BDC8FA /* NewsDetailViewController.h */,
				DD57AA1919CDD1A500BDC8FA /* NewsDetailViewController.m */,
			);
			name = Controller;
			sourceTree = "<group>";
		};
		DD57AA1319CDD12C00BDC8FA /* Webservices */ = {
			isa = PBXGroup;
			children = (
				DD57AA1E19CDD1B100BDC8FA /* WebService.h */,
				DD57AA1F19CDD1B100BDC8FA /* WebService.m */,
			);
			name = Webservices;
			sourceTree = "<group>";
		};
		DD57AA1419CDD14300BDC8FA /* Model */ = {
			isa = PBXGroup;
			children = (
				DD57AA1519CDD16A00BDC8FA /* News.h */,
				DD57AA1619CDD16A00BDC8FA /* News.m */,
			);
			name = Model;
			sourceTree = "<group>";
		};
/* End PBXGroup section */

/* Begin PBXNativeTarget section */
		DD245DC119CD28230066100F /* NewsApp */ = {
			isa = PBXNativeTarget;
			buildConfigurationList = DD245DE519CD28230066100F /* Build configuration list for PBXNativeTarget "NewsApp" */;
			buildPhases = (
				DD245DBE19CD28230066100F /* Sources */,
				DD245DBF19CD28230066100F /* Frameworks */,
				DD245DC019CD28230066100F /* Resources */,
			);
			buildRules = (
			);
			dependencies = (
			);
			name = NewsApp;
			productName = NewsApp;
			productReference = DD245DC219CD28230066100F /* NewsApp.app */;
			productType = "com.apple.product-type.application";
		};
		DD245DDA19CD28230066100F /* NewsAppTests */ = {
			isa = PBXNativeTarget;
			buildConfigurationList = DD245DE819CD28230066100F /* Build configuration list for PBXNativeTarget "NewsAppTests" */;
			buildPhases = (
				DD245DD719CD28230066100F /* Sources */,
				DD245DD819CD28230066100F /* Frameworks */,
				DD245DD919CD28230066100F /* Resources */,
			);
			buildRules = (
			);
			dependencies = (
				DD245DDD19CD28230066100F /* PBXTargetDependency */,
			);
			name = NewsAppTests;
			productName = NewsAppTests;
			productReference = DD245DDB19CD28230066100F /* NewsAppTests.xctest */;
			productType = "com.apple.product-type.bundle.unit-test";
		};
/* End PBXNativeTarget section */

/* Begin PBXProject section */
		DD245DBA19CD28230066100F /* Project object */ = {
			isa = PBXProject;
			attributes = {
				LastUpgradeCheck = 0600;
				ORGANIZATIONNAME = WestPac;
				TargetAttributes = {
					DD245DC119CD28230066100F = {
						CreatedOnToolsVersion = 6.0.1;
					};
					DD245DDA19CD28230066100F = {
						CreatedOnToolsVersion = 6.0.1;
						TestTargetID = DD245DC119CD28230066100F;
					};
				};
			};
			buildConfigurationList = DD245DBD19CD28230066100F /* Build configuration list for PBXProject "NewsApp" */;
			compatibilityVersion = "Xcode 3.2";
			developmentRegion = English;
			hasScannedForEncodings = 0;
			knownRegions = (
				en,
				Base,
			);
			mainGroup = DD245DB919CD28230066100F;
			productRefGroup = DD245DC319CD28230066100F /* Products */;
			projectDirPath = "";
			projectRoot = "";
			targets = (
				DD245DC119CD28230066100F /* NewsApp */,
				DD245DDA19CD28230066100F /* NewsAppTests */,
			);
		};
/* End PBXProject section */

/* Begin PBXResourcesBuildPhase section */
		DD245DC019CD28230066100F /* Resources */ = {
			isa = PBXResourcesBuildPhase;
			buildActionMask = 2147483647;
			files = (
				DD140B2B19D7DF4000A858F0 /* blank.png in Resources */,
			);
			runOnlyForDeploymentPostprocessing = 0;
		};
		DD245DD919CD28230066100F /* Resources */ = {
			isa = PBXResourcesBuildPhase;
			buildActionMask = 2147483647;
			files = (
			);
			runOnlyForDeploymentPostprocessing = 0;
		};
/* End PBXResourcesBuildPhase section */

/* Begin PBXSourcesBuildPhase section */
		DD245DBE19CD28230066100F /* Sources */ = {
			isa = PBXSourcesBuildPhase;
			buildActionMask = 2147483647;
			files = (
				DD57AA2019CDD1B100BDC8FA /* WebService.m in Sources */,
				DD57AA1C19CDD1A500BDC8FA /* NewsDetailViewController.m in Sources */,
				DD57AA1719CDD16A00BDC8FA /* News.m in Sources */,
				DD57AA1D19CDD1A500BDC8FA /* NewsViewController.m in Sources */,
				DD245DCB19CD28230066100F /* AppDelegate.m in Sources */,
				DD245DC819CD28230066100F /* main.m in Sources */,
			);
			runOnlyForDeploymentPostprocessing = 0;
		};
		DD245DD719CD28230066100F /* Sources */ = {
			isa = PBXSourcesBuildPhase;
			buildActionMask = 2147483647;
			files = (
				DD245DE219CD28230066100F /* NewsAppTests.m in Sources */,
			);
			runOnlyForDeploymentPostprocessing = 0;
		};
/* End PBXSourcesBuildPhase section */

/* Begin PBXTargetDependency section */
		DD245DDD19CD28230066100F /* PBXTargetDependency */ = {
			isa = PBXTargetDependency;
			target = DD245DC119CD28230066100F /* NewsApp */;
			targetProxy = DD245DDC19CD28230066100F /* PBXContainerItemProxy */;
		};
/* End PBXTargetDependency section */

/* Begin XCBuildConfiguration section */
		DD245DE319CD28230066100F /* Debug */ = {
			isa = XCBuildConfiguration;
			buildSettings = {
				ALWAYS_SEARCH_USER_PATHS = NO;
				CLANG_CXX_LANGUAGE_STANDARD = "gnu++0x";
				CLANG_CXX_LIBRARY = "libc++";
				CLANG_ENABLE_MODULES = YES;
				CLANG_ENABLE_OBJC_ARC = YES;
				CLANG_WARN_BOOL_CONVERSION = YES;
				CLANG_WARN_CONSTANT_CONVERSION = YES;
				CLANG_WARN_DIRECT_OBJC_ISA_USAGE = YES_ERROR;
				CLANG_WARN_EMPTY_BODY = YES;
				CLANG_WARN_ENUM_CONVERSION = YES;
				CLANG_WARN_INT_CONVERSION = YES;
				CLANG_WARN_OBJC_ROOT_CLASS = YES_ERROR;
				CLANG_WARN_UNREACHABLE_CODE = YES;
				CLANG_WARN__DUPLICATE_METHOD_MATCH = YES;
				"CODE_SIGN_IDENTITY[sdk=iphoneos*]" = "iPhone Developer";
				COPY_PHASE_STRIP = NO;
				ENABLE_STRICT_OBJC_MSGSEND = YES;
				GCC_C_LANGUAGE_STANDARD = gnu99;
				GCC_DYNAMIC_NO_PIC = NO;
				GCC_OPTIMIZATION_LEVEL = 0;
				GCC_PREPROCESSOR_DEFINITIONS = (
					"DEBUG=1",
					"$(inherited)",
				);
				GCC_SYMBOLS_PRIVATE_EXTERN = NO;
				GCC_WARN_64_TO_32_BIT_CONVERSION = YES;
				GCC_WARN_ABOUT_RETURN_TYPE = YES_ERROR;
				GCC_WARN_UNDECLARED_SELECTOR = YES;
				GCC_WARN_UNINITIALIZED_AUTOS = YES_AGGRESSIVE;
				GCC_WARN_UNUSED_FUNCTION = YES;
				GCC_WARN_UNUSED_VARIABLE = YES;
				IPHONEOS_DEPLOYMENT_TARGET = 8.0;
				MTL_ENABLE_DEBUG_INFO = YES;
				ONLY_ACTIVE_ARCH = YES;
				SDKROOT = iphoneos;
				TARGETED_DEVICE_FAMILY = "1,2";
			};
			name = Debug;
		};
		DD245DE419CD28230066100F /* Release */ = {
			isa = XCBuildConfiguration;
			buildSettings = {
				ALWAYS_SEARCH_USER_PATHS = NO;
				CLANG_CXX_LANGUAGE_STANDARD = "gnu++0x";
				CLANG_CXX_LIBRARY = "libc++";
				CLANG_ENABLE_MODULES = YES;
				CLANG_ENABLE_OBJC_ARC = YES;
				CLANG_WARN_BOOL_CONVERSION = YES;
				CLANG_WARN_CONSTANT_CONVERSION = YES;
				CLANG_WARN_DIRECT_OBJC_ISA_USAGE = YES_ERROR;
				CLANG_WARN_EMPTY_BODY = YES;
				CLANG_WARN_ENUM_CONVERSION = YES;
				CLANG_WARN_INT_CONVERSION = YES;
				CLANG_WARN_OBJC_ROOT_CLASS = YES_ERROR;
				CLANG_WARN_UNREACHABLE_CODE = YES;
				CLANG_WARN__DUPLICATE_METHOD_MATCH = YES;
				"CODE_SIGN_IDENTITY[sdk=iphoneos*]" = "iPhone Developer";
				COPY_PHASE_STRIP = YES;
				ENABLE_NS_ASSERTIONS = NO;
				ENABLE_STRICT_OBJC_MSGSEND = YES;
				GCC_C_LANGUAGE_STANDARD = gnu99;
				GCC_WARN_64_TO_32_BIT_CONVERSION = YES;
				GCC_WARN_ABOUT_RETURN_TYPE = YES_ERROR;
				GCC_WARN_UNDECLARED_SELECTOR = YES;
				GCC_WARN_UNINITIALIZED_AUTOS = YES_AGGRESSIVE;
				GCC_WARN_UNUSED_FUNCTION = YES;
				GCC_WARN_UNUSED_VARIABLE = YES;
				IPHONEOS_DEPLOYMENT_TARGET = 8.0;
				MTL_ENABLE_DEBUG_INFO = NO;
				SDKROOT = iphoneos;
				TARGETED_DEVICE_FAMILY = "1,2";
				VALIDATE_PRODUCT = YES;
			};
			name = Release;
		};
		DD245DE619CD28230066100F /* Debug */ = {
			isa = XCBuildConfiguration;
			buildSettings = {
				ASSETCATALOG_COMPILER_APPICON_NAME = AppIcon;
				CODE_SIGN_IDENTITY = "iPhone Developer";
				INFOPLIST_FILE = NewsApp/Info.plist;
				IPHONEOS_DEPLOYMENT_TARGET = 6.0;
				LD_RUNPATH_SEARCH_PATHS = "$(inherited) @executable_path/Frameworks";
				PRODUCT_NAME = "$(TARGET_NAME)";
			};
			name = Debug;
		};
		DD245DE719CD28230066100F /* Release */ = {
			isa = XCBuildConfiguration;
			buildSettings = {
				ASSETCATALOG_COMPILER_APPICON_NAME = AppIcon;
				CODE_SIGN_IDENTITY = "iPhone Developer";
				INFOPLIST_FILE = NewsApp/Info.plist;
				IPHONEOS_DEPLOYMENT_TARGET = 6.0;
				LD_RUNPATH_SEARCH_PATHS = "$(inherited) @executable_path/Frameworks";
				PRODUCT_NAME = "$(TARGET_NAME)";
			};
			name = Release;
		};
		DD245DE919CD28230066100F /* Debug */ = {
			isa = XCBuildConfiguration;
			buildSettings = {
				BUNDLE_LOADER = "$(TEST_HOST)";
				FRAMEWORK_SEARCH_PATHS = (
					"$(SDKROOT)/Developer/Library/Frameworks",
					"$(inherited)",
				);
				GCC_PREPROCESSOR_DEFINITIONS = (
					"DEBUG=1",
					"$(inherited)",
				);
				INFOPLIST_FILE = NewsAppTests/Info.plist;
				LD_RUNPATH_SEARCH_PATHS = "$(inherited) @executable_path/Frameworks @loader_path/Frameworks";
				PRODUCT_NAME = "$(TARGET_NAME)";
				TEST_HOST = "$(BUILT_PRODUCTS_DIR)/NewsApp.app/NewsApp";
			};
			name = Debug;
		};
		DD245DEA19CD28230066100F /* Release */ = {
			isa = XCBuildConfiguration;
			buildSettings = {
				BUNDLE_LOADER = "$(TEST_HOST)";
				FRAMEWORK_SEARCH_PATHS = (
					"$(SDKROOT)/Developer/Library/Frameworks",
					"$(inherited)",
				);
				INFOPLIST_FILE = NewsAppTests/Info.plist;
				LD_RUNPATH_SEARCH_PATHS = "$(inherited) @executable_path/Frameworks @loader_path/Frameworks";
				PRODUCT_NAME = "$(TARGET_NAME)";
				TEST_HOST = "$(BUILT_PRODUCTS_DIR)/NewsApp.app/NewsApp";
			};
			name = Release;
		};
/* End XCBuildConfiguration section */

/* Begin XCConfigurationList section */
		DD245DBD19CD28230066100F /* Build configuration list for PBXProject "NewsApp" */ = {
			isa = XCConfigurationList;
			buildConfigurations = (
				DD245DE319CD28230066100F /* Debug */,
				DD245DE419CD28230066100F /* Release */,
			);
			defaultConfigurationIsVisible = 0;
			defaultConfigurationName = Release;
		};
		DD245DE519CD28230066100F /* Build configuration list for PBXNativeTarget "NewsApp" */ = {
			isa = XCConfigurationList;
			buildConfigurations = (
				DD245DE619CD28230066100F /* Debug */,
				DD245DE719CD28230066100F /* Release */,
			);
			defaultConfigurationIsVisible = 0;
			defaultConfigurationName = Release;
		};
		DD245DE819CD28230066100F /* Build configuration list for PBXNativeTarget "NewsAppTests" */ = {
			isa = XCConfigurationList;
			buildConfigurations = (
				DD245DE919CD28230066100F /* Debug */,
				DD245DEA19CD28230066100F /* Release */,
			);
			defaultConfigurationIsVisible = 0;
			defaultConfigurationName = Release;
		};
/* End XCConfigurationList section */
	};
	rootObject = DD245DBA19CD28230066100F /* Project object */;
}
